
Microsoft Visual Studio Solution File, Format Version 12.00
# Visual Studio Version 17
VisualStudioVersion = 17.6.33815.320
MinimumVisualStudioVersion = 10.0.40219.1
Project("{8BC9CEB8-8B4A-11D0-8D11-00A0C91BC942}") = "12_9_multi_stream", "12_9_multi_stream\12_9_multi_stream.vcxproj", "{6ED1E8B0-9F6E-4E32-9E0C-6F3AB087C078}"
EndProject
Global
	GlobalSection(SolutionConfigurationPlatforms) = preSolution
		Debug|x64 = Debug|x64
		Release|x64 = Release|x64
	EndGlobalSection
	GlobalSection(ProjectConfigurationPlatforms) = postSolution
		{6ED1E8B0-9F6E-4E32-9E0C-6F3AB087C078}.Debug|x64.ActiveCfg = Debug|x64
		{6ED1E8B0-9F6E-4E32-9E0C-6F3AB087C078}.Debug|x64.Build.0 = Debug|x64
		{6ED1E8B0-9F6E-4E32-9E0C-6F3AB087C078}.Release|x64.ActiveCfg = Release|x64
		{6ED1E8B0-9F6E-4E32-9E0C-6F3AB087C078}.Release|x64.Build.0 = Release|x64
	EndGlobalSection
	GlobalSection(SolutionProperties) = preSolution
		HideSolutionNode = FALSE
	EndGlobalSection
	GlobalSection(ExtensibilityGlobals) = postSolution
		SolutionGuid = {A78CF038-CD03-4FED-94BD-CB1A5398886A}
	EndGlobalSection
EndGlobal
