
Microsoft Visual Studio Solution File, Format Version 12.00
# Visual Studio Version 17
VisualStudioVersion = 17.6.33815.320
MinimumVisualStudioVersion = 10.0.40219.1
Project("{8BC9CEB8-8B4A-11D0-8D11-00A0C91BC942}") = "12_12_MultiGPU", "12_12_MultiGPU\12_12_MultiGPU.vcxproj", "{C54F6AB6-A64A-469A-97DC-C11629A6BC0E}"
EndProject
Global
	GlobalSection(SolutionConfigurationPlatforms) = preSolution
		Debug|x64 = Debug|x64
		Release|x64 = Release|x64
	EndGlobalSection
	GlobalSection(ProjectConfigurationPlatforms) = postSolution
		{C54F6AB6-A64A-469A-97DC-C11629A6BC0E}.Debug|x64.ActiveCfg = Debug|x64
		{C54F6AB6-A64A-469A-97DC-C11629A6BC0E}.Debug|x64.Build.0 = Debug|x64
		{C54F6AB6-A64A-469A-97DC-C11629A6BC0E}.Release|x64.ActiveCfg = Release|x64
		{C54F6AB6-A64A-469A-97DC-C11629A6BC0E}.Release|x64.Build.0 = Release|x64
	EndGlobalSection
	GlobalSection(SolutionProperties) = preSolution
		HideSolutionNode = FALSE
	EndGlobalSection
	GlobalSection(ExtensibilityGlobals) = postSolution
		SolutionGuid = {8E91AAF3-A652-4369-941B-CEAAE56B8F05}
	EndGlobalSection
EndGlobal
