
Microsoft Visual Studio Solution File, Format Version 12.00
# Visual Studio Version 17
VisualStudioVersion = 17.6.33815.320
MinimumVisualStudioVersion = 10.0.40219.1
Project("{8BC9CEB8-8B4A-11D0-8D11-00A0C91BC942}") = "11_1_MatMul_MemAccessPatten", "11_1_MatMul_MemAccessPatten\11_1_MatMul_MemAccessPatten.vcxproj", "{63FCCB10-7925-4B29-BB32-F791FBFD7497}"
EndProject
Global
	GlobalSection(SolutionConfigurationPlatforms) = preSolution
		Debug|x64 = Debug|x64
		Release|x64 = Release|x64
	EndGlobalSection
	GlobalSection(ProjectConfigurationPlatforms) = postSolution
		{63FCCB10-7925-4B29-BB32-F791FBFD7497}.Debug|x64.ActiveCfg = Debug|x64
		{63FCCB10-7925-4B29-BB32-F791FBFD7497}.Debug|x64.Build.0 = Debug|x64
		{63FCCB10-7925-4B29-BB32-F791FBFD7497}.Release|x64.ActiveCfg = Release|x64
		{63FCCB10-7925-4B29-BB32-F791FBFD7497}.Release|x64.Build.0 = Release|x64
	EndGlobalSection
	GlobalSection(SolutionProperties) = preSolution
		HideSolutionNode = FALSE
	EndGlobalSection
	GlobalSection(ExtensibilityGlobals) = postSolution
		SolutionGuid = {02F12A99-49EA-46F4-8120-5001E717800B}
	EndGlobalSection
EndGlobal
