
Microsoft Visual Studio Solution File, Format Version 12.00
# Visual Studio Version 17
VisualStudioVersion = 17.6.33815.320
MinimumVisualStudioVersion = 10.0.40219.1
Project("{8BC9CEB8-8B4A-11D0-8D11-00A0C91BC942}") = "12_11_CUDA_Event", "12_11_CUDA_Event\12_11_CUDA_Event.vcxproj", "{0264F131-2E3E-4605-B404-1B24F0FAFC81}"
EndProject
Global
	GlobalSection(SolutionConfigurationPlatforms) = preSolution
		Debug|x64 = Debug|x64
		Release|x64 = Release|x64
	EndGlobalSection
	GlobalSection(ProjectConfigurationPlatforms) = postSolution
		{0264F131-2E3E-4605-B404-1B24F0FAFC81}.Debug|x64.ActiveCfg = Debug|x64
		{0264F131-2E3E-4605-B404-1B24F0FAFC81}.Debug|x64.Build.0 = Debug|x64
		{0264F131-2E3E-4605-B404-1B24F0FAFC81}.Release|x64.ActiveCfg = Release|x64
		{0264F131-2E3E-4605-B404-1B24F0FAFC81}.Release|x64.Build.0 = Release|x64
	EndGlobalSection
	GlobalSection(SolutionProperties) = preSolution
		HideSolutionNode = FALSE
	EndGlobalSection
	GlobalSection(ExtensibilityGlobals) = postSolution
		SolutionGuid = {A38611AE-B2C0-4EB3-A7C8-23948D1A40A6}
	EndGlobalSection
EndGlobal
